// !$*UTF8*$!
{
	archiveVersion = 1;
	classes = {
	};
	objectVersion = 55;
	objects = {

/* Begin PBXBuildFile section */
		CF099AA3271700F5006EB7F6 /* Realm in Frameworks */ = {isa = PBXBuildFile; productRef = CF099AA2271700F5006EB7F6 /* Realm */; };
		CF099AA5271700F5006EB7F6 /* RealmSwift in Frameworks */ = {isa = PBXBuildFile; productRef = CF099AA4271700F5006EB7F6 /* RealmSwift */; };
		CF099AA727170108006EB7F6 /* Item.swift in Sources */ = {isa = PBXBuildFile; fileRef = CF099AA627170108006EB7F6 /* Item.swift */; };
		CF099AA9271703AC006EB7F6 /* Category.swift in Sources */ = {isa = PBXBuildFile; fileRef = CF099AA8271703AC006EB7F6 /* Category.swift */; };
		CF32FB5B26F958040058A19D /* AppDelegate.swift in Sources */ = {isa = PBXBuildFile; fileRef = CF32FB5A26F958040058A19D /* AppDelegate.swift */; };
		CF32FB5D26F958040058A19D /* SceneDelegate.swift in Sources */ = {isa = PBXBuildFile; fileRef = CF32FB5C26F958040058A19D /* SceneDelegate.swift */; };
		CF32FB5F26F958040058A19D /* ViewController.swift in Sources */ = {isa = PBXBuildFile; fileRef = CF32FB5E26F958040058A19D /* ViewController.swift */; };
		CF32FB6426F958060058A19D /* Assets.xcassets in Resources */ = {isa = PBXBuildFile; fileRef = CF32FB6326F958060058A19D /* Assets.xcassets */; };
		CF32FB6726F958060058A19D /* LaunchScreen.storyboard in Resources */ = {isa = PBXBuildFile; fileRef = CF32FB6526F958060058A19D /* LaunchScreen.storyboard */; };
		CF32FB7226F958060058A19D /* Persistance_iOSTests.swift in Sources */ = {isa = PBXBuildFile; fileRef = CF32FB7126F958060058A19D /* Persistance_iOSTests.swift */; };
		CF32FB7C26F958060058A19D /* Persistance_iOSUITests.swift in Sources */ = {isa = PBXBuildFile; fileRef = CF32FB7B26F958060058A19D /* Persistance_iOSUITests.swift */; };
		CF32FB7E26F958060058A19D /* Persistance_iOSUITestsLaunchTests.swift in Sources */ = {isa = PBXBuildFile; fileRef = CF32FB7D26F958060058A19D /* Persistance_iOSUITestsLaunchTests.swift */; };
		CF32FB8E26F959270058A19D /* ToDoListView.swift in Sources */ = {isa = PBXBuildFile; fileRef = CF32FB8D26F959270058A19D /* ToDoListView.swift */; };
		CF32FB9026F95CEA0058A19D /* ToDoListCell.swift in Sources */ = {isa = PBXBuildFile; fileRef = CF32FB8F26F95CEA0058A19D /* ToDoListCell.swift */; };
		CF7CFAD626FE7AD90059465F /* CategoryViewController.swift in Sources */ = {isa = PBXBuildFile; fileRef = CF7CFAD526FE7AD90059465F /* CategoryViewController.swift */; };
		CFB0D17226FFAA060019DA8B /* UIDeviceExtension.swift in Sources */ = {isa = PBXBuildFile; fileRef = CFB0D17126FFAA060019DA8B /* UIDeviceExtension.swift */; };
/* End PBXBuildFile section */

/* Begin PBXContainerItemProxy section */
		CF32FB6E26F958060058A19D /* PBXContainerItemProxy */ = {
			isa = PBXContainerItemProxy;
			containerPortal = CF32FB4F26F958040058A19D /* Project object */;
			proxyType = 1;
			remoteGlobalIDString = CF32FB5626F958040058A19D;
			remoteInfo = "Persistance iOS";
		};
		CF32FB7826F958060058A19D /* PBXContainerItemProxy */ = {
			isa = PBXContainerItemProxy;
			containerPortal = CF32FB4F26F958040058A19D /* Project object */;
			proxyType = 1;
			remoteGlobalIDString = CF32FB5626F958040058A19D;
			remoteInfo = "Persistance iOS";
		};
/* End PBXContainerItemProxy section */

/* Begin PBXFileReference section */
		CF099AA627170108006EB7F6 /* Item.swift */ = {isa = PBXFileReference; lastKnownFileType = sourcecode.swift; path = Item.swift; sourceTree = "<group>"; };
		CF099AA8271703AC006EB7F6 /* Category.swift */ = {isa = PBXFileReference; lastKnownFileType = sourcecode.swift; path = Category.swift; sourceTree = "<group>"; };
		CF32FB5726F958040058A19D /* Persistance iOS.app */ = {isa = PBXFileReference; explicitFileType = wrapper.application; includeInIndex = 0; path = "Persistance iOS.app"; sourceTree = BUILT_PRODUCTS_DIR; };
		CF32FB5A26F958040058A19D /* AppDelegate.swift */ = {isa = PBXFileReference; lastKnownFileType = sourcecode.swift; path = AppDelegate.swift; sourceTree = "<group>"; };
		CF32FB5C26F958040058A19D /* SceneDelegate.swift */ = {isa = PBXFileReference; lastKnownFileType = sourcecode.swift; path = SceneDelegate.swift; sourceTree = "<group>"; };
		CF32FB5E26F958040058A19D /* ViewController.swift */ = {isa = PBXFileReference; lastKnownFileType = sourcecode.swift; path = ViewController.swift; sourceTree = "<group>"; };
		CF32FB6326F958060058A19D /* Assets.xcassets */ = {isa = PBXFileReference; lastKnownFileType = folder.assetcatalog; path = Assets.xcassets; sourceTree = "<group>"; };
		CF32FB6626F958060058A19D /* Base */ = {isa = PBXFileReference; lastKnownFileType = file.storyboard; name = Base; path = Base.lproj/LaunchScreen.storyboard; sourceTree = "<group>"; };
		CF32FB6826F958060058A19D /* Info.plist */ = {isa = PBXFileReference; lastKnownFileType = text.plist.xml; path = Info.plist; sourceTree = "<group>"; };
		CF32FB6D26F958060058A19D /* Persistance iOSTests.xctest */ = {isa = PBXFileReference; explicitFileType = wrapper.cfbundle; includeInIndex = 0; path = "Persistance iOSTests.xctest"; sourceTree = BUILT_PRODUCTS_DIR; };
		CF32FB7126F958060058A19D /* Persistance_iOSTests.swift */ = {isa = PBXFileReference; lastKnownFileType = sourcecode.swift; path = Persistance_iOSTests.swift; sourceTree = "<group>"; };
		CF32FB7726F958060058A19D /* Persistance iOSUITests.xctest */ = {isa = PBXFileReference; explicitFileType = wrapper.cfbundle; includeInIndex = 0; path = "Persistance iOSUITests.xctest"; sourceTree = BUILT_PRODUCTS_DIR; };
		CF32FB7B26F958060058A19D /* Persistance_iOSUITests.swift */ = {isa = PBXFileReference; lastKnownFileType = sourcecode.swift; path = Persistance_iOSUITests.swift; sourceTree = "<group>"; };
		CF32FB7D26F958060058A19D /* Persistance_iOSUITestsLaunchTests.swift */ = {isa = PBXFileReference; lastKnownFileType = sourcecode.swift; path = Persistance_iOSUITestsLaunchTests.swift; sourceTree = "<group>"; };
		CF32FB8D26F959270058A19D /* ToDoListView.swift */ = {isa = PBXFileReference; lastKnownFileType = sourcecode.swift; path = ToDoListView.swift; sourceTree = "<group>"; };
		CF32FB8F26F95CEA0058A19D /* ToDoListCell.swift */ = {isa = PBXFileReference; lastKnownFileType = sourcecode.swift; path = ToDoListCell.swift; sourceTree = "<group>"; };
		CF7CFAD526FE7AD90059465F /* CategoryViewController.swift */ = {isa = PBXFileReference; lastKnownFileType = sourcecode.swift; path = CategoryViewController.swift; sourceTree = "<group>"; };
		CFB0D17126FFAA060019DA8B /* UIDeviceExtension.swift */ = {isa = PBXFileReference; lastKnownFileType = sourcecode.swift; name = UIDeviceExtension.swift; path = "Persistance iOS/View/UIDeviceExtension.swift"; sourceTree = SOURCE_ROOT; };
/* End PBXFileReference section */

/* Begin PBXFrameworksBuildPhase section */
		CF32FB5426F958040058A19D /* Frameworks */ = {
			isa = PBXFrameworksBuildPhase;
			buildActionMask = 2147483647;
			files = (
				CF099AA5271700F5006EB7F6 /* RealmSwift in Frameworks */,
				CF099AA3271700F5006EB7F6 /* Realm in Frameworks */,
			);
			runOnlyForDeploymentPostprocessing = 0;
		};
		CF32FB6A26F958060058A19D /* Frameworks */ = {
			isa = PBXFrameworksBuildPhase;
			buildActionMask = 2147483647;
			files = (
			);
			runOnlyForDeploymentPostprocessing = 0;
		};
		CF32FB7426F958060058A19D /* Frameworks */ = {
			isa = PBXFrameworksBuildPhase;
			buildActionMask = 2147483647;
			files = (
			);
			runOnlyForDeploymentPostprocessing = 0;
		};
/* End PBXFrameworksBuildPhase section */

/* Begin PBXGroup section */
		CF32FB4E26F958040058A19D = {
			isa = PBXGroup;
			children = (
				CF32FB5926F958040058A19D /* Persistance iOS */,
				CF32FB7026F958060058A19D /* Persistance iOSTests */,
				CF32FB7A26F958060058A19D /* Persistance iOSUITests */,
				CF32FB5826F958040058A19D /* Products */,
			);
			sourceTree = "<group>";
		};
		CF32FB5826F958040058A19D /* Products */ = {
			isa = PBXGroup;
			children = (
				CF32FB5726F958040058A19D /* Persistance iOS.app */,
				CF32FB6D26F958060058A19D /* Persistance iOSTests.xctest */,
				CF32FB7726F958060058A19D /* Persistance iOSUITests.xctest */,
			);
			name = Products;
			sourceTree = "<group>";
		};
		CF32FB5926F958040058A19D /* Persistance iOS */ = {
			isa = PBXGroup;
			children = (
				CF32FB5A26F958040058A19D /* AppDelegate.swift */,
				CF32FB5C26F958040058A19D /* SceneDelegate.swift */,
				CF32FB8C26F959000058A19D /* Model */,
				CF32FB8B26F958F90058A19D /* View */,
				CF32FB8A26F958F10058A19D /* Controller */,
				CF32FB6326F958060058A19D /* Assets.xcassets */,
				CF32FB6526F958060058A19D /* LaunchScreen.storyboard */,
				CF32FB6826F958060058A19D /* Info.plist */,
			);
			path = "Persistance iOS";
			sourceTree = "<group>";
		};
		CF32FB7026F958060058A19D /* Persistance iOSTests */ = {
			isa = PBXGroup;
			children = (
				CF32FB7126F958060058A19D /* Persistance_iOSTests.swift */,
			);
			path = "Persistance iOSTests";
			sourceTree = "<group>";
		};
		CF32FB7A26F958060058A19D /* Persistance iOSUITests */ = {
			isa = PBXGroup;
			children = (
				CF32FB7B26F958060058A19D /* Persistance_iOSUITests.swift */,
				CF32FB7D26F958060058A19D /* Persistance_iOSUITestsLaunchTests.swift */,
			);
			path = "Persistance iOSUITests";
			sourceTree = "<group>";
		};
		CF32FB8A26F958F10058A19D /* Controller */ = {
			isa = PBXGroup;
			children = (
				CF32FB5E26F958040058A19D /* ViewController.swift */,
				CFB0D17126FFAA060019DA8B /* UIDeviceExtension.swift */,
				CF7CFAD526FE7AD90059465F /* CategoryViewController.swift */,
			);
			path = Controller;
			sourceTree = "<group>";
		};
		CF32FB8B26F958F90058A19D /* View */ = {
			isa = PBXGroup;
			children = (
				CF32FB8D26F959270058A19D /* ToDoListView.swift */,
				CF32FB8F26F95CEA0058A19D /* ToDoListCell.swift */,
			);
			path = View;
			sourceTree = "<group>";
		};
		CF32FB8C26F959000058A19D /* Model */ = {
			isa = PBXGroup;
			children = (
				CF099AA627170108006EB7F6 /* Item.swift */,
				CF099AA8271703AC006EB7F6 /* Category.swift */,
			);
			path = Model;
			sourceTree = "<group>";
		};
/* End PBXGroup section */

/* Begin PBXNativeTarget section */
		CF32FB5626F958040058A19D /* Persistance iOS */ = {
			isa = PBXNativeTarget;
			buildConfigurationList = CF32FB8126F958060058A19D /* Build configuration list for PBXNativeTarget "Persistance iOS" */;
			buildPhases = (
				CF32FB5326F958040058A19D /* Sources */,
				CF32FB5426F958040058A19D /* Frameworks */,
				CF32FB5526F958040058A19D /* Resources */,
			);
			buildRules = (
			);
			dependencies = (
			);
			name = "Persistance iOS";
			packageProductDependencies = (
				CF099AA2271700F5006EB7F6 /* Realm */,
				CF099AA4271700F5006EB7F6 /* RealmSwift */,
			);
			productName = "Persistance iOS";
			productReference = CF32FB5726F958040058A19D /* Persistance iOS.app */;
			productType = "com.apple.product-type.application";
		};
		CF32FB6C26F958060058A19D /* Persistance iOSTests */ = {
			isa = PBXNativeTarget;
			buildConfigurationList = CF32FB8426F958060058A19D /* Build configuration list for PBXNativeTarget "Persistance iOSTests" */;
			buildPhases = (
				CF32FB6926F958060058A19D /* Sources */,
				CF32FB6A26F958060058A19D /* Frameworks */,
				CF32FB6B26F958060058A19D /* Resources */,
			);
			buildRules = (
			);
			dependencies = (
				CF32FB6F26F958060058A19D /* PBXTargetDependency */,
			);
			name = "Persistance iOSTests";
			productName = "Persistance iOSTests";
			productReference = CF32FB6D26F958060058A19D /* Persistance iOSTests.xctest */;
			productType = "com.apple.product-type.bundle.unit-test";
		};
		CF32FB7626F958060058A19D /* Persistance iOSUITests */ = {
			isa = PBXNativeTarget;
			buildConfigurationList = CF32FB8726F958060058A19D /* Build configuration list for PBXNativeTarget "Persistance iOSUITests" */;
			buildPhases = (
				CF32FB7326F958060058A19D /* Sources */,
				CF32FB7426F958060058A19D /* Frameworks */,
				CF32FB7526F958060058A19D /* Resources */,
			);
			buildRules = (
			);
			dependencies = (
				CF32FB7926F958060058A19D /* PBXTargetDependency */,
			);
			name = "Persistance iOSUITests";
			productName = "Persistance iOSUITests";
			productReference = CF32FB7726F958060058A19D /* Persistance iOSUITests.xctest */;
			productType = "com.apple.product-type.bundle.ui-testing";
		};
/* End PBXNativeTarget section */

/* Begin PBXProject section */
		CF32FB4F26F958040058A19D /* Project object */ = {
			isa = PBXProject;
			attributes = {
				BuildIndependentTargetsInParallel = 1;
				LastSwiftUpdateCheck = 1300;
				LastUpgradeCheck = 1300;
				TargetAttributes = {
					CF32FB5626F958040058A19D = {
						CreatedOnToolsVersion = 13.0;
					};
					CF32FB6C26F958060058A19D = {
						CreatedOnToolsVersion = 13.0;
						TestTargetID = CF32FB5626F958040058A19D;
					};
					CF32FB7626F958060058A19D = {
						CreatedOnToolsVersion = 13.0;
						TestTargetID = CF32FB5626F958040058A19D;
					};
				};
			};
			buildConfigurationList = CF32FB5226F958040058A19D /* Build configuration list for PBXProject "Persistance iOS" */;
			compatibilityVersion = "Xcode 13.0";
			developmentRegion = en;
			hasScannedForEncodings = 0;
			knownRegions = (
				en,
				Base,
			);
			mainGroup = CF32FB4E26F958040058A19D;
			packageReferences = (
				CF099AA1271700F5006EB7F6 /* XCRemoteSwiftPackageReference "realm-cocoa" */,
			);
			productRefGroup = CF32FB5826F958040058A19D /* Products */;
			projectDirPath = "";
			projectRoot = "";
			targets = (
				CF32FB5626F958040058A19D /* Persistance iOS */,
				CF32FB6C26F958060058A19D /* Persistance iOSTests */,
				CF32FB7626F958060058A19D /* Persistance iOSUITests */,
			);
		};
/* End PBXProject section */

/* Begin PBXResourcesBuildPhase section */
		CF32FB5526F958040058A19D /* Resources */ = {
			isa = PBXResourcesBuildPhase;
			buildActionMask = 2147483647;
			files = (
				CF32FB6726F958060058A19D /* LaunchScreen.storyboard in Resources */,
				CF32FB6426F958060058A19D /* Assets.xcassets in Resources */,
			);
			runOnlyForDeploymentPostprocessing = 0;
		};
		CF32FB6B26F958060058A19D /* Resources */ = {
			isa = PBXResourcesBuildPhase;
			buildActionMask = 2147483647;
			files = (
			);
			runOnlyForDeploymentPostprocessing = 0;
		};
		CF32FB7526F958060058A19D /* Resources */ = {
			isa = PBXResourcesBuildPhase;
			buildActionMask = 2147483647;
			files = (
			);
			runOnlyForDeploymentPostprocessing = 0;
		};
/* End PBXResourcesBuildPhase section */

/* Begin PBXSourcesBuildPhase section */
		CF32FB5326F958040058A19D /* Sources */ = {
			isa = PBXSourcesBuildPhase;
			buildActionMask = 2147483647;
			files = (
				CF32FB5F26F958040058A19D /* ViewController.swift in Sources */,
				CF32FB5B26F958040058A19D /* AppDelegate.swift in Sources */,
				CF7CFAD626FE7AD90059465F /* CategoryViewController.swift in Sources */,
				CF32FB8E26F959270058A19D /* ToDoListView.swift in Sources */,
				CFB0D17226FFAA060019DA8B /* UIDeviceExtension.swift in Sources */,
				CF099AA9271703AC006EB7F6 /* Category.swift in Sources */,
				CF32FB9026F95CEA0058A19D /* ToDoListCell.swift in Sources */,
				CF099AA727170108006EB7F6 /* Item.swift in Sources */,
				CF32FB5D26F958040058A19D /* SceneDelegate.swift in Sources */,
			);
			runOnlyForDeploymentPostprocessing = 0;
		};
		CF32FB6926F958060058A19D /* Sources */ = {
			isa = PBXSourcesBuildPhase;
			buildActionMask = 2147483647;
			files = (
				CF32FB7226F958060058A19D /* Persistance_iOSTests.swift in Sources */,
			);
			runOnlyForDeploymentPostprocessing = 0;
		};
		CF32FB7326F958060058A19D /* Sources */ = {
			isa = PBXSourcesBuildPhase;
			buildActionMask = 2147483647;
			files = (
				CF32FB7E26F958060058A19D /* Persistance_iOSUITestsLaunchTests.swift in Sources */,
				CF32FB7C26F958060058A19D /* Persistance_iOSUITests.swift in Sources */,
			);
			runOnlyForDeploymentPostprocessing = 0;
		};
/* End PBXSourcesBuildPhase section */

/* Begin PBXTargetDependency section */
		CF32FB6F26F958060058A19D /* PBXTargetDependency */ = {
			isa = PBXTargetDependency;
			target = CF32FB5626F958040058A19D /* Persistance iOS */;
			targetProxy = CF32FB6E26F958060058A19D /* PBXContainerItemProxy */;
		};
		CF32FB7926F958060058A19D /* PBXTargetDependency */ = {
			isa = PBXTargetDependency;
			target = CF32FB5626F958040058A19D /* Persistance iOS */;
			targetProxy = CF32FB7826F958060058A19D /* PBXContainerItemProxy */;
		};
/* End PBXTargetDependency section */

/* Begin PBXVariantGroup section */
		CF32FB6526F958060058A19D /* LaunchScreen.storyboard */ = {
			isa = PBXVariantGroup;
			children = (
				CF32FB6626F958060058A19D /* Base */,
			);
			name = LaunchScreen.storyboard;
			sourceTree = "<group>";
		};
/* End PBXVariantGroup section */

/* Begin XCBuildConfiguration section */
		CF32FB7F26F958060058A19D /* Debug */ = {
			isa = XCBuildConfiguration;
			buildSettings = {
				ALWAYS_SEARCH_USER_PATHS = NO;
				CLANG_ANALYZER_NONNULL = YES;
				CLANG_ANALYZER_NUMBER_OBJECT_CONVERSION = YES_AGGRESSIVE;
				CLANG_CXX_LANGUAGE_STANDARD = "gnu++17";
				CLANG_CXX_LIBRARY = "libc++";
				CLANG_ENABLE_MODULES = YES;
				CLANG_ENABLE_OBJC_ARC = YES;
				CLANG_ENABLE_OBJC_WEAK = YES;
				CLANG_WARN_BLOCK_CAPTURE_AUTORELEASING = YES;
				CLANG_WARN_BOOL_CONVERSION = YES;
				CLANG_WARN_COMMA = YES;
				CLANG_WARN_CONSTANT_CONVERSION = YES;
				CLANG_WARN_DEPRECATED_OBJC_IMPLEMENTATIONS = YES;
				CLANG_WARN_DIRECT_OBJC_ISA_USAGE = YES_ERROR;
				CLANG_WARN_DOCUMENTATION_COMMENTS = YES;
				CLANG_WARN_EMPTY_BODY = YES;
				CLANG_WARN_ENUM_CONVERSION = YES;
				CLANG_WARN_INFINITE_RECURSION = YES;
				CLANG_WARN_INT_CONVERSION = YES;
				CLANG_WARN_NON_LITERAL_NULL_CONVERSION = YES;
				CLANG_WARN_OBJC_IMPLICIT_RETAIN_SELF = YES;
				CLANG_WARN_OBJC_LITERAL_CONVERSION = YES;
				CLANG_WARN_OBJC_ROOT_CLASS = YES_ERROR;
				CLANG_WARN_QUOTED_INCLUDE_IN_FRAMEWORK_HEADER = YES;
				CLANG_WARN_RANGE_LOOP_ANALYSIS = YES;
				CLANG_WARN_STRICT_PROTOTYPES = YES;
				CLANG_WARN_SUSPICIOUS_MOVE = YES;
				CLANG_WARN_UNGUARDED_AVAILABILITY = YES_AGGRESSIVE;
				CLANG_WARN_UNREACHABLE_CODE = YES;
				CLANG_WARN__DUPLICATE_METHOD_MATCH = YES;
				COPY_PHASE_STRIP = NO;
				DEBUG_INFORMATION_FORMAT = dwarf;
				ENABLE_STRICT_OBJC_MSGSEND = YES;
				ENABLE_TESTABILITY = YES;
				GCC_C_LANGUAGE_STANDARD = gnu11;
				GCC_DYNAMIC_NO_PIC = NO;
				GCC_NO_COMMON_BLOCKS = YES;
				GCC_OPTIMIZATION_LEVEL = 0;
				GCC_PREPROCESSOR_DEFINITIONS = (
					"DEBUG=1",
					"$(inherited)",
				);
				GCC_WARN_64_TO_32_BIT_CONVERSION = YES;
				GCC_WARN_ABOUT_RETURN_TYPE = YES_ERROR;
				GCC_WARN_UNDECLARED_SELECTOR = YES;
				GCC_WARN_UNINITIALIZED_AUTOS = YES_AGGRESSIVE;
				GCC_WARN_UNUSED_FUNCTION = YES;
				GCC_WARN_UNUSED_VARIABLE = YES;
				IPHONEOS_DEPLOYMENT_TARGET = 15.0;
				MTL_ENABLE_DEBUG_INFO = INCLUDE_SOURCE;
				MTL_FAST_MATH = YES;
				ONLY_ACTIVE_ARCH = YES;
				SDKROOT = iphoneos;
				SWIFT_ACTIVE_COMPILATION_CONDITIONS = DEBUG;
				SWIFT_OPTIMIZATION_LEVEL = "-Onone";
			};
			name = Debug;
		};
		CF32FB8026F958060058A19D /* Release */ = {
			isa = XCBuildConfiguration;
			buildSettings = {
				ALWAYS_SEARCH_USER_PATHS = NO;
				CLANG_ANALYZER_NONNULL = YES;
				CLANG_ANALYZER_NUMBER_OBJECT_CONVERSION = YES_AGGRESSIVE;
				CLANG_CXX_LANGUAGE_STANDARD = "gnu++17";
				CLANG_CXX_LIBRARY = "libc++";
				CLANG_ENABLE_MODULES = YES;
				CLANG_ENABLE_OBJC_ARC = YES;
				CLANG_ENABLE_OBJC_WEAK = YES;
				CLANG_WARN_BLOCK_CAPTURE_AUTORELEASING = YES;
				CLANG_WARN_BOOL_CONVERSION = YES;
				CLANG_WARN_COMMA = YES;
				CLANG_WARN_CONSTANT_CONVERSION = YES;
				CLANG_WARN_DEPRECATED_OBJC_IMPLEMENTATIONS = YES;
				CLANG_WARN_DIRECT_OBJC_ISA_USAGE = YES_ERROR;
				CLANG_WARN_DOCUMENTATION_COMMENTS = YES;
				CLANG_WARN_EMPTY_BODY = YES;
				CLANG_WARN_ENUM_CONVERSION = YES;
				CLANG_WARN_INFINITE_RECURSION = YES;
				CLANG_WARN_INT_CONVERSION = YES;
				CLANG_WARN_NON_LITERAL_NULL_CONVERSION = YES;
				CLANG_WARN_OBJC_IMPLICIT_RETAIN_SELF = YES;
				CLANG_WARN_OBJC_LITERAL_CONVERSION = YES;
				CLANG_WARN_OBJC_ROOT_CLASS = YES_ERROR;
				CLANG_WARN_QUOTED_INCLUDE_IN_FRAMEWORK_HEADER = YES;
				CLANG_WARN_RANGE_LOOP_ANALYSIS = YES;
				CLANG_WARN_STRICT_PROTOTYPES = YES;
				CLANG_WARN_SUSPICIOUS_MOVE = YES;
				CLANG_WARN_UNGUARDED_AVAILABILITY = YES_AGGRESSIVE;
				CLANG_WARN_UNREACHABLE_CODE = YES;
				CLANG_WARN__DUPLICATE_METHOD_MATCH = YES;
				COPY_PHASE_STRIP = NO;
				DEBUG_INFORMATION_FORMAT = "dwarf-with-dsym";
				ENABLE_NS_ASSERTIONS = NO;
				ENABLE_STRICT_OBJC_MSGSEND = YES;
				GCC_C_LANGUAGE_STANDARD = gnu11;
				GCC_NO_COMMON_BLOCKS = YES;
				GCC_WARN_64_TO_32_BIT_CONVERSION = YES;
				GCC_WARN_ABOUT_RETURN_TYPE = YES_ERROR;
				GCC_WARN_UNDECLARED_SELECTOR = YES;
				GCC_WARN_UNINITIALIZED_AUTOS = YES_AGGRESSIVE;
				GCC_WARN_UNUSED_FUNCTION = YES;
				GCC_WARN_UNUSED_VARIABLE = YES;
				IPHONEOS_DEPLOYMENT_TARGET = 15.0;
				MTL_ENABLE_DEBUG_INFO = NO;
				MTL_FAST_MATH = YES;
				SDKROOT = iphoneos;
				SWIFT_COMPILATION_MODE = wholemodule;
				SWIFT_OPTIMIZATION_LEVEL = "-O";
				VALIDATE_PRODUCT = YES;
			};
			name = Release;
		};
		CF32FB8226F958060058A19D /* Debug */ = {
			isa = XCBuildConfiguration;
			buildSettings = {
				ASSETCATALOG_COMPILER_APPICON_NAME = AppIcon;
				ASSETCATALOG_COMPILER_GLOBAL_ACCENT_COLOR_NAME = AccentColor;
				CODE_SIGN_STYLE = Automatic;
				CURRENT_PROJECT_VERSION = 1;
				DEVELOPMENT_TEAM = 83KH3JF2CE;
				GENERATE_INFOPLIST_FILE = YES;
				INFOPLIST_FILE = "Persistance iOS/Info.plist";
				INFOPLIST_KEY_UIApplicationSupportsIndirectInputEvents = YES;
				INFOPLIST_KEY_UILaunchStoryboardName = LaunchScreen;
				INFOPLIST_KEY_UISupportedInterfaceOrientations_iPad = "UIInterfaceOrientationPortrait UIInterfaceOrientationPortraitUpsideDown UIInterfaceOrientationLandscapeLeft UIInterfaceOrientationLandscapeRight";
				INFOPLIST_KEY_UISupportedInterfaceOrientations_iPhone = "UIInterfaceOrientationPortrait UIInterfaceOrientationLandscapeLeft UIInterfaceOrientationLandscapeRight";
				LD_RUNPATH_SEARCH_PATHS = (
					"$(inherited)",
					"@executable_path/Frameworks",
				);
				MARKETING_VERSION = 1.0;
				PRODUCT_BUNDLE_IDENTIFIER = "iOSDevelopment.Persistance-iOS";
				PRODUCT_NAME = "$(TARGET_NAME)";
				SWIFT_EMIT_LOC_STRINGS = YES;
				SWIFT_VERSION = 5.0;
				TARGETED_DEVICE_FAMILY = 1;
			};
			name = Debug;
		};
		CF32FB8326F958060058A19D /* Release */ = {
			isa = XCBuildConfiguration;
			buildSettings = {
				ASSETCATALOG_COMPILER_APPICON_NAME = AppIcon;
				ASSETCATALOG_COMPILER_GLOBAL_ACCENT_COLOR_NAME = AccentColor;
				CODE_SIGN_STYLE = Automatic;
				CURRENT_PROJECT_VERSION = 1;
				DEVELOPMENT_TEAM = 83KH3JF2CE;
				GENERATE_INFOPLIST_FILE = YES;
				INFOPLIST_FILE = "Persistance iOS/Info.plist";
				INFOPLIST_KEY_UIApplicationSupportsIndirectInputEvents = YES;
				INFOPLIST_KEY_UILaunchStoryboardName = LaunchScreen;
				INFOPLIST_KEY_UISupportedInterfaceOrientations_iPad = "UIInterfaceOrientationPortrait UIInterfaceOrientationPortraitUpsideDown UIInterfaceOrientationLandscapeLeft UIInterfaceOrientationLandscapeRight";
				INFOPLIST_KEY_UISupportedInterfaceOrientations_iPhone = "UIInterfaceOrientationPortrait UIInterfaceOrientationLandscapeLeft UIInterfaceOrientationLandscapeRight";
				LD_RUNPATH_SEARCH_PATHS = (
					"$(inherited)",
					"@executable_path/Frameworks",
				);
				MARKETING_VERSION = 1.0;
				PRODUCT_BUNDLE_IDENTIFIER = "iOSDevelopment.Persistance-iOS";
				PRODUCT_NAME = "$(TARGET_NAME)";
				SWIFT_EMIT_LOC_STRINGS = YES;
				SWIFT_VERSION = 5.0;
				TARGETED_DEVICE_FAMILY = 1;
			};
			name = Release;
		};
		CF32FB8526F958060058A19D /* Debug */ = {
			isa = XCBuildConfiguration;
			buildSettings = {
				ALWAYS_EMBED_SWIFT_STANDARD_LIBRARIES = YES;
				BUNDLE_LOADER = "$(TEST_HOST)";
				CODE_SIGN_STYLE = Automatic;
				CURRENT_PROJECT_VERSION = 1;
				DEVELOPMENT_TEAM = 83KH3JF2CE;
				GENERATE_INFOPLIST_FILE = YES;
				IPHONEOS_DEPLOYMENT_TARGET = 15.0;
				LD_RUNPATH_SEARCH_PATHS = (
					"$(inherited)",
					"@executable_path/Frameworks",
					"@loader_path/Frameworks",
				);
				MARKETING_VERSION = 1.0;
				PRODUCT_BUNDLE_IDENTIFIER = "iOSDevelopment.Persistance-iOSTests";
				PRODUCT_NAME = "$(TARGET_NAME)";
				SWIFT_EMIT_LOC_STRINGS = NO;
				SWIFT_VERSION = 5.0;
				TARGETED_DEVICE_FAMILY = "1,2";
				TEST_HOST = "$(BUILT_PRODUCTS_DIR)/Persistance iOS.app/Persistance iOS";
			};
			name = Debug;
		};
		CF32FB8626F958060058A19D /* Release */ = {
			isa = XCBuildConfiguration;
			buildSettings = {
				ALWAYS_EMBED_SWIFT_STANDARD_LIBRARIES = YES;
				BUNDLE_LOADER = "$(TEST_HOST)";
				CODE_SIGN_STYLE = Automatic;
				CURRENT_PROJECT_VERSION = 1;
				DEVELOPMENT_TEAM = 83KH3JF2CE;
				GENERATE_INFOPLIST_FILE = YES;
				IPHONEOS_DEPLOYMENT_TARGET = 15.0;
				LD_RUNPATH_SEARCH_PATHS = (
					"$(inherited)",
					"@executable_path/Frameworks",
					"@loader_path/Frameworks",
				);
				MARKETING_VERSION = 1.0;
				PRODUCT_BUNDLE_IDENTIFIER = "iOSDevelopment.Persistance-iOSTests";
				PRODUCT_NAME = "$(TARGET_NAME)";
				SWIFT_EMIT_LOC_STRINGS = NO;
				SWIFT_VERSION = 5.0;
				TARGETED_DEVICE_FAMILY = "1,2";
				TEST_HOST = "$(BUILT_PRODUCTS_DIR)/Persistance iOS.app/Persistance iOS";
			};
			name = Release;
		};
		CF32FB8826F958060058A19D /* Debug */ = {
			isa = XCBuildConfiguration;
			buildSettings = {
				ALWAYS_EMBED_SWIFT_STANDARD_LIBRARIES = YES;
				CODE_SIGN_STYLE = Automatic;
				CURRENT_PROJECT_VERSION = 1;
				DEVELOPMENT_TEAM = 83KH3JF2CE;
				GENERATE_INFOPLIST_FILE = YES;
				LD_RUNPATH_SEARCH_PATHS = (
					"$(inherited)",
					"@executable_path/Frameworks",
					"@loader_path/Frameworks",
				);
				MARKETING_VERSION = 1.0;
				PRODUCT_BUNDLE_IDENTIFIER = "iOSDevelopment.Persistance-iOSUITests";
				PRODUCT_NAME = "$(TARGET_NAME)";
				SWIFT_EMIT_LOC_STRINGS = NO;
				SWIFT_VERSION = 5.0;
				TARGETED_DEVICE_FAMILY = "1,2";
				TEST_TARGET_NAME = "Persistance iOS";
			};
			name = Debug;
		};
		CF32FB8926F958060058A19D /* Release */ = {
			isa = XCBuildConfiguration;
			buildSettings = {
				ALWAYS_EMBED_SWIFT_STANDARD_LIBRARIES = YES;
				CODE_SIGN_STYLE = Automatic;
				CURRENT_PROJECT_VERSION = 1;
				DEVELOPMENT_TEAM = 83KH3JF2CE;
				GENERATE_INFOPLIST_FILE = YES;
				LD_RUNPATH_SEARCH_PATHS = (
					"$(inherited)",
					"@executable_path/Frameworks",
					"@loader_path/Frameworks",
				);
				MARKETING_VERSION = 1.0;
				PRODUCT_BUNDLE_IDENTIFIER = "iOSDevelopment.Persistance-iOSUITests";
				PRODUCT_NAME = "$(TARGET_NAME)";
				SWIFT_EMIT_LOC_STRINGS = NO;
				SWIFT_VERSION = 5.0;
				TARGETED_DEVICE_FAMILY = "1,2";
				TEST_TARGET_NAME = "Persistance iOS";
			};
			name = Release;
		};
/* End XCBuildConfiguration section */

/* Begin XCConfigurationList section */
		CF32FB5226F958040058A19D /* Build configuration list for PBXProject "Persistance iOS" */ = {
			isa = XCConfigurationList;
			buildConfigurations = (
				CF32FB7F26F958060058A19D /* Debug */,
				CF32FB8026F958060058A19D /* Release */,
			);
			defaultConfigurationIsVisible = 0;
			defaultConfigurationName = Release;
		};
		CF32FB8126F958060058A19D /* Build configuration list for PBXNativeTarget "Persistance iOS" */ = {
			isa = XCConfigurationList;
			buildConfigurations = (
				CF32FB8226F958060058A19D /* Debug */,
				CF32FB8326F958060058A19D /* Release */,
			);
			defaultConfigurationIsVisible = 0;
			defaultConfigurationName = Release;
		};
		CF32FB8426F958060058A19D /* Build configuration list for PBXNativeTarget "Persistance iOSTests" */ = {
			isa = XCConfigurationList;
			buildConfigurations = (
				CF32FB8526F958060058A19D /* Debug */,
				CF32FB8626F958060058A19D /* Release */,
			);
			defaultConfigurationIsVisible = 0;
			defaultConfigurationName = Release;
		};
		CF32FB8726F958060058A19D /* Build configuration list for PBXNativeTarget "Persistance iOSUITests" */ = {
			isa = XCConfigurationList;
			buildConfigurations = (
				CF32FB8826F958060058A19D /* Debug */,
				CF32FB8926F958060058A19D /* Release */,
			);
			defaultConfigurationIsVisible = 0;
			defaultConfigurationName = Release;
		};
/* End XCConfigurationList section */

/* Begin XCRemoteSwiftPackageReference section */
		CF099AA1271700F5006EB7F6 /* XCRemoteSwiftPackageReference "realm-cocoa" */ = {
			isa = XCRemoteSwiftPackageReference;
			repositoryURL = "https://github.com/realm/realm-cocoa";
			requirement = {
				kind = upToNextMajorVersion;
				minimumVersion = 5.0.0;
			};
		};
/* End XCRemoteSwiftPackageReference section */

/* Begin XCSwiftPackageProductDependency section */
		CF099AA2271700F5006EB7F6 /* Realm */ = {
			isa = XCSwiftPackageProductDependency;
			package = CF099AA1271700F5006EB7F6 /* XCRemoteSwiftPackageReference "realm-cocoa" */;
			productName = Realm;
		};
		CF099AA4271700F5006EB7F6 /* RealmSwift */ = {
			isa = XCSwiftPackageProductDependency;
			package = CF099AA1271700F5006EB7F6 /* XCRemoteSwiftPackageReference "realm-cocoa" */;
			productName = RealmSwift;
		};
/* End XCSwiftPackageProductDependency section */
	};
	rootObject = CF32FB4F26F958040058A19D /* Project object */;
}
